
Microsoft Visual Studio Solution File, Format Version 12.00
# Visual Studio Version 17
VisualStudioVersion = 17.3.32901.215
MinimumVisualStudioVersion = 10.0.40219.1
Project("{FAE04EC0-301F-11D3-BF4B-00C04F79EFBC}") = "AsyncFitness.Web", "AsyncFitness.Web\AsyncFitness.Web.csproj", "{5CFF169C-CAB8-4839-B645-9D539FE30A08}"
EndProject
Project("{FAE04EC0-301F-11D3-BF4B-00C04F79EFBC}") = "AsyncFitness.Infrastructure", "AsyncFitness.Infrastructure\AsyncFitness.Infrastructure.csproj", "{6066C00F-4C08-48BF-90D0-E4A2B2BB9A05}"
EndProject
Project("{FAE04EC0-301F-11D3-BF4B-00C04F79EFBC}") = "AsyncFitness.Core", "AsyncFitness.Core\AsyncFitness.Core.csproj", "{4C202A66-5740-4B37-84DF-C9E0B2F18F59}"
EndProject
Global
	GlobalSection(SolutionConfigurationPlatforms) = preSolution
		Debug|Any CPU = Debug|Any CPU
		Release|Any CPU = Release|Any CPU
	EndGlobalSection
	GlobalSection(ProjectConfigurationPlatforms) = postSolution
		{5CFF169C-CAB8-4839-B645-9D539FE30A08}.Debug|Any CPU.ActiveCfg = Debug|Any CPU
		{5CFF169C-CAB8-4839-B645-9D539FE30A08}.Debug|Any CPU.Build.0 = Debug|Any CPU
		{5CFF169C-CAB8-4839-B645-9D539FE30A08}.Release|Any CPU.ActiveCfg = Release|Any CPU
		{5CFF169C-CAB8-4839-B645-9D539FE30A08}.Release|Any CPU.Build.0 = Release|Any CPU
		{6066C00F-4C08-48BF-90D0-E4A2B2BB9A05}.Debug|Any CPU.ActiveCfg = Debug|Any CPU
		{6066C00F-4C08-48BF-90D0-E4A2B2BB9A05}.Debug|Any CPU.Build.0 = Debug|Any CPU
		{6066C00F-4C08-48BF-90D0-E4A2B2BB9A05}.Release|Any CPU.ActiveCfg = Release|Any CPU
		{6066C00F-4C08-48BF-90D0-E4A2B2BB9A05}.Release|Any CPU.Build.0 = Release|Any CPU
		{4C202A66-5740-4B37-84DF-C9E0B2F18F59}.Debug|Any CPU.ActiveCfg = Debug|Any CPU
		{4C202A66-5740-4B37-84DF-C9E0B2F18F59}.Debug|Any CPU.Build.0 = Debug|Any CPU
		{4C202A66-5740-4B37-84DF-C9E0B2F18F59}.Release|Any CPU.ActiveCfg = Release|Any CPU
		{4C202A66-5740-4B37-84DF-C9E0B2F18F59}.Release|Any CPU.Build.0 = Release|Any CPU
	EndGlobalSection
	GlobalSection(SolutionProperties) = preSolution
		HideSolutionNode = FALSE
	EndGlobalSection
	GlobalSection(ExtensibilityGlobals) = postSolution
		SolutionGuid = {0071F027-1EEB-4AF1-81CC-AEAF91D77A0A}
	EndGlobalSection
EndGlobal
