
Microsoft Visual Studio Solution File, Format Version 12.00
# Visual Studio Version 17
VisualStudioVersion = 17.3.32901.215
MinimumVisualStudioVersion = 10.0.40219.1
Project("{FAE04EC0-301F-11D3-BF4B-00C04F79EFBC}") = "AsyncFitness.Web", "AsyncFitness.Web\AsyncFitness.Web.csproj", "{5CFF169C-CAB8-4839-B645-9D539FE30A08}"
EndProject
Global
	GlobalSection(SolutionConfigurationPlatforms) = preSolution
		Debug|Any CPU = Debug|Any CPU
		Release|Any CPU = Release|Any CPU
	EndGlobalSection
	GlobalSection(ProjectConfigurationPlatforms) = postSolution
		{5CFF169C-CAB8-4839-B645-9D539FE30A08}.Debug|Any CPU.ActiveCfg = Debug|Any CPU
		{5CFF169C-CAB8-4839-B645-9D539FE30A08}.Debug|Any CPU.Build.0 = Debug|Any CPU
		{5CFF169C-CAB8-4839-B645-9D539FE30A08}.Release|Any CPU.ActiveCfg = Release|Any CPU
		{5CFF169C-CAB8-4839-B645-9D539FE30A08}.Release|Any CPU.Build.0 = Release|Any CPU
	EndGlobalSection
	GlobalSection(SolutionProperties) = preSolution
		HideSolutionNode = FALSE
	EndGlobalSection
	GlobalSection(ExtensibilityGlobals) = postSolution
		SolutionGuid = {0071F027-1EEB-4AF1-81CC-AEAF91D77A0A}
	EndGlobalSection
EndGlobal
