
Microsoft Visual Studio Solution File, Format Version 12.00
# Visual Studio Version 17
VisualStudioVersion = 17.3.32901.215
MinimumVisualStudioVersion = 10.0.40219.1
Project("{9A19103F-16F7-4668-BE54-9A1E7A4F7556}") = "AsyncFitness.WebTemp", "AsyncFitness.WebTemp\AsyncFitness.WebTemp.csproj", "{5CFF169C-CAB8-4839-B645-9D539FE30A08}"
EndProject
Project("{9A19103F-16F7-4668-BE54-9A1E7A4F7556}") = "AsyncFitness.Infrastructure", "AsyncFitness.Infrastructure\AsyncFitness.Infrastructure.csproj", "{6066C00F-4C08-48BF-90D0-E4A2B2BB9A05}"
EndProject
Project("{9A19103F-16F7-4668-BE54-9A1E7A4F7556}") = "AsyncFitness.Core", "AsyncFitness.Core\AsyncFitness.Core.csproj", "{4C202A66-5740-4B37-84DF-C9E0B2F18F59}"
EndProject
Project("{2150E333-8FDC-42A3-9474-1A3956D46DE8}") = "Tests", "Tests", "{BED25A72-4205-400F-BE63-28CEABF610C9}"
EndProject
Project("{9A19103F-16F7-4668-BE54-9A1E7A4F7556}") = "AsyncFitness.Infrastructure.Tests", "AsyncFitness.Infrastructure.Tests\AsyncFitness.Infrastructure.Tests.csproj", "{2D294612-7098-4B67-83AE-3512C63DD76E}"
EndProject
Project("{9A19103F-16F7-4668-BE54-9A1E7A4F7556}") = "AsyncFitness.Web", "AsyncFitness.Web\AsyncFitness.Web.csproj", "{070E6D81-2E07-4F56-B730-2166EDBD903D}"
EndProject
Global
	GlobalSection(SolutionConfigurationPlatforms) = preSolution
		Debug|Any CPU = Debug|Any CPU
		Release|Any CPU = Release|Any CPU
	EndGlobalSection
	GlobalSection(ProjectConfigurationPlatforms) = postSolution
		{5CFF169C-CAB8-4839-B645-9D539FE30A08}.Debug|Any CPU.ActiveCfg = Debug|Any CPU
		{5CFF169C-CAB8-4839-B645-9D539FE30A08}.Debug|Any CPU.Build.0 = Debug|Any CPU
		{5CFF169C-CAB8-4839-B645-9D539FE30A08}.Release|Any CPU.ActiveCfg = Release|Any CPU
		{5CFF169C-CAB8-4839-B645-9D539FE30A08}.Release|Any CPU.Build.0 = Release|Any CPU
		{6066C00F-4C08-48BF-90D0-E4A2B2BB9A05}.Debug|Any CPU.ActiveCfg = Debug|Any CPU
		{6066C00F-4C08-48BF-90D0-E4A2B2BB9A05}.Debug|Any CPU.Build.0 = Debug|Any CPU
		{6066C00F-4C08-48BF-90D0-E4A2B2BB9A05}.Release|Any CPU.ActiveCfg = Release|Any CPU
		{6066C00F-4C08-48BF-90D0-E4A2B2BB9A05}.Release|Any CPU.Build.0 = Release|Any CPU
		{4C202A66-5740-4B37-84DF-C9E0B2F18F59}.Debug|Any CPU.ActiveCfg = Debug|Any CPU
		{4C202A66-5740-4B37-84DF-C9E0B2F18F59}.Debug|Any CPU.Build.0 = Debug|Any CPU
		{4C202A66-5740-4B37-84DF-C9E0B2F18F59}.Release|Any CPU.ActiveCfg = Release|Any CPU
		{4C202A66-5740-4B37-84DF-C9E0B2F18F59}.Release|Any CPU.Build.0 = Release|Any CPU
		{2D294612-7098-4B67-83AE-3512C63DD76E}.Debug|Any CPU.ActiveCfg = Debug|Any CPU
		{2D294612-7098-4B67-83AE-3512C63DD76E}.Debug|Any CPU.Build.0 = Debug|Any CPU
		{2D294612-7098-4B67-83AE-3512C63DD76E}.Release|Any CPU.ActiveCfg = Release|Any CPU
		{2D294612-7098-4B67-83AE-3512C63DD76E}.Release|Any CPU.Build.0 = Release|Any CPU
		{070E6D81-2E07-4F56-B730-2166EDBD903D}.Debug|Any CPU.ActiveCfg = Debug|Any CPU
		{070E6D81-2E07-4F56-B730-2166EDBD903D}.Debug|Any CPU.Build.0 = Debug|Any CPU
		{070E6D81-2E07-4F56-B730-2166EDBD903D}.Release|Any CPU.ActiveCfg = Release|Any CPU
		{070E6D81-2E07-4F56-B730-2166EDBD903D}.Release|Any CPU.Build.0 = Release|Any CPU
	EndGlobalSection
	GlobalSection(SolutionProperties) = preSolution
		HideSolutionNode = FALSE
	EndGlobalSection
	GlobalSection(NestedProjects) = preSolution
		{2D294612-7098-4B67-83AE-3512C63DD76E} = {BED25A72-4205-400F-BE63-28CEABF610C9}
	EndGlobalSection
	GlobalSection(ExtensibilityGlobals) = postSolution
		SolutionGuid = {0071F027-1EEB-4AF1-81CC-AEAF91D77A0A}
	EndGlobalSection
EndGlobal
